// !$*UTF8*$!
{
	archiveVersion = 1;
	classes = {
	};
	objectVersion = 56;
	objects = {

/* Begin PBXBuildFile section */
		94B72B8F2A4C3630002973BC /* AppDelegate.swift in Sources */ = {isa = PBXBuildFile; fileRef = 94B72B8E2A4C3630002973BC /* AppDelegate.swift */; };
		94B72B912A4C3630002973BC /* SceneDelegate.swift in Sources */ = {isa = PBXBuildFile; fileRef = 94B72B902A4C3630002973BC /* SceneDelegate.swift */; };
		94B72B932A4C3630002973BC /* TrackerViewController.swift in Sources */ = {isa = PBXBuildFile; fileRef = 94B72B922A4C3630002973BC /* TrackerViewController.swift */; };
		94B72B982A4C3631002973BC /* Assets.xcassets in Resources */ = {isa = PBXBuildFile; fileRef = 94B72B972A4C3631002973BC /* Assets.xcassets */; };
		94B72B9B2A4C3631002973BC /* LaunchScreen.storyboard in Resources */ = {isa = PBXBuildFile; fileRef = 94B72B992A4C3631002973BC /* LaunchScreen.storyboard */; };
		94B72BA32A4C3E46002973BC /* TabBar.swift in Sources */ = {isa = PBXBuildFile; fileRef = 94B72BA22A4C3E46002973BC /* TabBar.swift */; };
		94B72BA52A4C3F2F002973BC /* UIColor + Extensions.swift in Sources */ = {isa = PBXBuildFile; fileRef = 94B72BA42A4C3F2F002973BC /* UIColor + Extensions.swift */; };
		94B72BA72A4C492F002973BC /* StatisticViewController.swift in Sources */ = {isa = PBXBuildFile; fileRef = 94B72BA62A4C492F002973BC /* StatisticViewController.swift */; };
		94B72BB02A6425CB002973BC /* MockData.swift in Sources */ = {isa = PBXBuildFile; fileRef = 94B72BAF2A6425CB002973BC /* MockData.swift */; };
		94B72BB32A642791002973BC /* TrackerCategory.swift in Sources */ = {isa = PBXBuildFile; fileRef = 94B72BB22A642790002973BC /* TrackerCategory.swift */; };
		94B72BB62A6427F3002973BC /* Tracker.swift in Sources */ = {isa = PBXBuildFile; fileRef = 94B72BB52A6427F3002973BC /* Tracker.swift */; };
		94B72BB82A6428A0002973BC /* TrackerRecord.swift in Sources */ = {isa = PBXBuildFile; fileRef = 94B72BB72A6428A0002973BC /* TrackerRecord.swift */; };
		94B72BBA2A642B21002973BC /* TrackerCardViewCell.swift in Sources */ = {isa = PBXBuildFile; fileRef = 94B72BB92A642B21002973BC /* TrackerCardViewCell.swift */; };
		94B72BBD2A642D77002973BC /* HeaderCollectionReusableView.swift in Sources */ = {isa = PBXBuildFile; fileRef = 94B72BBC2A642D77002973BC /* HeaderCollectionReusableView.swift */; };
		94B72BBF2A642E37002973BC /* CellViewModel.swift in Sources */ = {isa = PBXBuildFile; fileRef = 94B72BBE2A642E37002973BC /* CellViewModel.swift */; };
		94B72BC22A64373E002973BC /* TrackerTypeViewController.swift in Sources */ = {isa = PBXBuildFile; fileRef = 94B72BC12A64373E002973BC /* TrackerTypeViewController.swift */; };
		94B72BC52A643968002973BC /* NewHabitViewController.swift in Sources */ = {isa = PBXBuildFile; fileRef = 94B72BC42A643968002973BC /* NewHabitViewController.swift */; };
		94B72BC82A643C83002973BC /* NewHabitCell.swift in Sources */ = {isa = PBXBuildFile; fileRef = 94B72BC72A643C83002973BC /* NewHabitCell.swift */; };
		94B72BCA2A643D28002973BC /* NewEventViewController.swift in Sources */ = {isa = PBXBuildFile; fileRef = 94B72BC92A643D28002973BC /* NewEventViewController.swift */; };
		94B72BCD2A643E2C002973BC /* NewEventCell.swift in Sources */ = {isa = PBXBuildFile; fileRef = 94B72BCC2A643E2C002973BC /* NewEventCell.swift */; };
		94B72BCF2A644658002973BC /* ScheduleViewController.swift in Sources */ = {isa = PBXBuildFile; fileRef = 94B72BCE2A644658002973BC /* ScheduleViewController.swift */; };
		94B72BD12A6447C6002973BC /* SwitchCell.swift in Sources */ = {isa = PBXBuildFile; fileRef = 94B72BD02A6447C6002973BC /* SwitchCell.swift */; };
		94B72BD42A64489C002973BC /* CategoryViewController.swift in Sources */ = {isa = PBXBuildFile; fileRef = 94B72BD32A64489C002973BC /* CategoryViewController.swift */; };
		94B72BD72A644A4D002973BC /* CategoryCell.swift in Sources */ = {isa = PBXBuildFile; fileRef = 94B72BD62A644A4D002973BC /* CategoryCell.swift */; };
		94B72BD92A644AA0002973BC /* NewCategoryViewController.swift in Sources */ = {isa = PBXBuildFile; fileRef = 94B72BD82A644AA0002973BC /* NewCategoryViewController.swift */; };
		94B72BDB2A644B45002973BC /* String + Extension.swift in Sources */ = {isa = PBXBuildFile; fileRef = 94B72BDA2A644B45002973BC /* String + Extension.swift */; };
		94B72BDD2A6C33FD002973BC /* EmojiCell.swift in Sources */ = {isa = PBXBuildFile; fileRef = 94B72BDC2A6C33FD002973BC /* EmojiCell.swift */; };
		94B72BDF2A6C43CA002973BC /* EmojiHeader.swift in Sources */ = {isa = PBXBuildFile; fileRef = 94B72BDE2A6C43C9002973BC /* EmojiHeader.swift */; };
		94B72BE12A6C5C38002973BC /* ColorCell.swift in Sources */ = {isa = PBXBuildFile; fileRef = 94B72BE02A6C5C38002973BC /* ColorCell.swift */; };
		94B72BE32A6C5D3D002973BC /* ColorHeader.swift in Sources */ = {isa = PBXBuildFile; fileRef = 94B72BE22A6C5D3D002973BC /* ColorHeader.swift */; };
		94B72BE72A7FEDD4002973BC /* TrackerCoreData.xcdatamodeld in Sources */ = {isa = PBXBuildFile; fileRef = 94B72BE52A7FEDD4002973BC /* TrackerCoreData.xcdatamodeld */; };
		94B72BE92A7FF263002973BC /* TrackerCoreDataController.swift in Sources */ = {isa = PBXBuildFile; fileRef = 94B72BE82A7FF263002973BC /* TrackerCoreDataController.swift */; };
		94B72BEB2A7FF436002973BC /* TrackerPersistentContainer.swift in Sources */ = {isa = PBXBuildFile; fileRef = 94B72BEA2A7FF436002973BC /* TrackerPersistentContainer.swift */; };
		94B72BED2A7FF461002973BC /* TrackerCategoryStore.swift in Sources */ = {isa = PBXBuildFile; fileRef = 94B72BEC2A7FF461002973BC /* TrackerCategoryStore.swift */; };
		94B72BEF2A7FF5DE002973BC /* TrackerStore.swift in Sources */ = {isa = PBXBuildFile; fileRef = 94B72BEE2A7FF5DE002973BC /* TrackerStore.swift */; };
		94B72BF12A7FF696002973BC /* TrackerRecordStore.swift in Sources */ = {isa = PBXBuildFile; fileRef = 94B72BF02A7FF696002973BC /* TrackerRecordStore.swift */; };
		94BBF5C82B0A473800A2586D /* CategoryViewModel.swift in Sources */ = {isa = PBXBuildFile; fileRef = 94BBF5C72B0A473800A2586D /* CategoryViewModel.swift */; };
		94BBF5CA2B0A476B00A2586D /* ObserverWrapper.swift in Sources */ = {isa = PBXBuildFile; fileRef = 94BBF5C92B0A476B00A2586D /* ObserverWrapper.swift */; };
		94BBF5CC2B0A518300A2586D /* Date Formatter.swift in Sources */ = {isa = PBXBuildFile; fileRef = 94BBF5CB2B0A518300A2586D /* Date Formatter.swift */; };
		94BBF5CE2B0F31E600A2586D /* UIPageViewController.swift in Sources */ = {isa = PBXBuildFile; fileRef = 94BBF5CD2B0F31E600A2586D /* UIPageViewController.swift */; };
		94BBF5D02B0F31F800A2586D /* CustomPageViewController.swift in Sources */ = {isa = PBXBuildFile; fileRef = 94BBF5CF2B0F31F800A2586D /* CustomPageViewController.swift */; };
/* End PBXBuildFile section */

/* Begin PBXFileReference section */
		94B72B8B2A4C3630002973BC /* Tracker.app */ = {isa = PBXFileReference; explicitFileType = wrapper.application; includeInIndex = 0; path = Tracker.app; sourceTree = BUILT_PRODUCTS_DIR; };
		94B72B8E2A4C3630002973BC /* AppDelegate.swift */ = {isa = PBXFileReference; lastKnownFileType = sourcecode.swift; path = AppDelegate.swift; sourceTree = "<group>"; };
		94B72B902A4C3630002973BC /* SceneDelegate.swift */ = {isa = PBXFileReference; lastKnownFileType = sourcecode.swift; path = SceneDelegate.swift; sourceTree = "<group>"; };
		94B72B922A4C3630002973BC /* TrackerViewController.swift */ = {isa = PBXFileReference; lastKnownFileType = sourcecode.swift; path = TrackerViewController.swift; sourceTree = "<group>"; };
		94B72B972A4C3631002973BC /* Assets.xcassets */ = {isa = PBXFileReference; lastKnownFileType = folder.assetcatalog; path = Assets.xcassets; sourceTree = "<group>"; };
		94B72B9A2A4C3631002973BC /* Base */ = {isa = PBXFileReference; lastKnownFileType = file.storyboard; name = Base; path = Base.lproj/LaunchScreen.storyboard; sourceTree = "<group>"; };
		94B72B9C2A4C3631002973BC /* Info.plist */ = {isa = PBXFileReference; lastKnownFileType = text.plist.xml; path = Info.plist; sourceTree = "<group>"; };
		94B72BA22A4C3E46002973BC /* TabBar.swift */ = {isa = PBXFileReference; lastKnownFileType = sourcecode.swift; path = TabBar.swift; sourceTree = "<group>"; };
		94B72BA42A4C3F2F002973BC /* UIColor + Extensions.swift */ = {isa = PBXFileReference; lastKnownFileType = sourcecode.swift; path = "UIColor + Extensions.swift"; sourceTree = "<group>"; };
		94B72BA62A4C492F002973BC /* StatisticViewController.swift */ = {isa = PBXFileReference; lastKnownFileType = sourcecode.swift; path = StatisticViewController.swift; sourceTree = "<group>"; };
		94B72BAF2A6425CB002973BC /* MockData.swift */ = {isa = PBXFileReference; lastKnownFileType = sourcecode.swift; path = MockData.swift; sourceTree = "<group>"; };
		94B72BB22A642790002973BC /* TrackerCategory.swift */ = {isa = PBXFileReference; lastKnownFileType = sourcecode.swift; path = TrackerCategory.swift; sourceTree = "<group>"; };
		94B72BB52A6427F3002973BC /* Tracker.swift */ = {isa = PBXFileReference; lastKnownFileType = sourcecode.swift; path = Tracker.swift; sourceTree = "<group>"; };
		94B72BB72A6428A0002973BC /* TrackerRecord.swift */ = {isa = PBXFileReference; lastKnownFileType = sourcecode.swift; path = TrackerRecord.swift; sourceTree = "<group>"; };
		94B72BB92A642B21002973BC /* TrackerCardViewCell.swift */ = {isa = PBXFileReference; lastKnownFileType = sourcecode.swift; path = TrackerCardViewCell.swift; sourceTree = "<group>"; };
		94B72BBC2A642D77002973BC /* HeaderCollectionReusableView.swift */ = {isa = PBXFileReference; lastKnownFileType = sourcecode.swift; path = HeaderCollectionReusableView.swift; sourceTree = "<group>"; };
		94B72BBE2A642E37002973BC /* CellViewModel.swift */ = {isa = PBXFileReference; lastKnownFileType = sourcecode.swift; path = CellViewModel.swift; sourceTree = "<group>"; };
		94B72BC12A64373E002973BC /* TrackerTypeViewController.swift */ = {isa = PBXFileReference; lastKnownFileType = sourcecode.swift; path = TrackerTypeViewController.swift; sourceTree = "<group>"; };
		94B72BC42A643968002973BC /* NewHabitViewController.swift */ = {isa = PBXFileReference; lastKnownFileType = sourcecode.swift; path = NewHabitViewController.swift; sourceTree = "<group>"; };
		94B72BC72A643C83002973BC /* NewHabitCell.swift */ = {isa = PBXFileReference; lastKnownFileType = sourcecode.swift; path = NewHabitCell.swift; sourceTree = "<group>"; };
		94B72BC92A643D28002973BC /* NewEventViewController.swift */ = {isa = PBXFileReference; lastKnownFileType = sourcecode.swift; path = NewEventViewController.swift; sourceTree = "<group>"; };
		94B72BCC2A643E2C002973BC /* NewEventCell.swift */ = {isa = PBXFileReference; lastKnownFileType = sourcecode.swift; path = NewEventCell.swift; sourceTree = "<group>"; };
		94B72BCE2A644658002973BC /* ScheduleViewController.swift */ = {isa = PBXFileReference; lastKnownFileType = sourcecode.swift; path = ScheduleViewController.swift; sourceTree = "<group>"; };
		94B72BD02A6447C6002973BC /* SwitchCell.swift */ = {isa = PBXFileReference; lastKnownFileType = sourcecode.swift; path = SwitchCell.swift; sourceTree = "<group>"; };
		94B72BD32A64489C002973BC /* CategoryViewController.swift */ = {isa = PBXFileReference; lastKnownFileType = sourcecode.swift; path = CategoryViewController.swift; sourceTree = "<group>"; };
		94B72BD62A644A4D002973BC /* CategoryCell.swift */ = {isa = PBXFileReference; lastKnownFileType = sourcecode.swift; path = CategoryCell.swift; sourceTree = "<group>"; };
		94B72BD82A644AA0002973BC /* NewCategoryViewController.swift */ = {isa = PBXFileReference; lastKnownFileType = sourcecode.swift; path = NewCategoryViewController.swift; sourceTree = "<group>"; };
		94B72BDA2A644B45002973BC /* String + Extension.swift */ = {isa = PBXFileReference; lastKnownFileType = sourcecode.swift; path = "String + Extension.swift"; sourceTree = "<group>"; };
		94B72BDC2A6C33FD002973BC /* EmojiCell.swift */ = {isa = PBXFileReference; lastKnownFileType = sourcecode.swift; path = EmojiCell.swift; sourceTree = "<group>"; };
		94B72BDE2A6C43C9002973BC /* EmojiHeader.swift */ = {isa = PBXFileReference; lastKnownFileType = sourcecode.swift; path = EmojiHeader.swift; sourceTree = "<group>"; };
		94B72BE02A6C5C38002973BC /* ColorCell.swift */ = {isa = PBXFileReference; lastKnownFileType = sourcecode.swift; path = ColorCell.swift; sourceTree = "<group>"; };
		94B72BE22A6C5D3D002973BC /* ColorHeader.swift */ = {isa = PBXFileReference; lastKnownFileType = sourcecode.swift; path = ColorHeader.swift; sourceTree = "<group>"; };
		94B72BE62A7FEDD4002973BC /* TrackerCoreData.xcdatamodel */ = {isa = PBXFileReference; lastKnownFileType = wrapper.xcdatamodel; path = TrackerCoreData.xcdatamodel; sourceTree = "<group>"; };
		94B72BE82A7FF263002973BC /* TrackerCoreDataController.swift */ = {isa = PBXFileReference; lastKnownFileType = sourcecode.swift; path = TrackerCoreDataController.swift; sourceTree = "<group>"; };
		94B72BEA2A7FF436002973BC /* TrackerPersistentContainer.swift */ = {isa = PBXFileReference; lastKnownFileType = sourcecode.swift; path = TrackerPersistentContainer.swift; sourceTree = "<group>"; };
		94B72BEC2A7FF461002973BC /* TrackerCategoryStore.swift */ = {isa = PBXFileReference; lastKnownFileType = sourcecode.swift; path = TrackerCategoryStore.swift; sourceTree = "<group>"; };
		94B72BEE2A7FF5DE002973BC /* TrackerStore.swift */ = {isa = PBXFileReference; lastKnownFileType = sourcecode.swift; path = TrackerStore.swift; sourceTree = "<group>"; };
		94B72BF02A7FF696002973BC /* TrackerRecordStore.swift */ = {isa = PBXFileReference; lastKnownFileType = sourcecode.swift; path = TrackerRecordStore.swift; sourceTree = "<group>"; };
		94BBF5C72B0A473800A2586D /* CategoryViewModel.swift */ = {isa = PBXFileReference; lastKnownFileType = sourcecode.swift; path = CategoryViewModel.swift; sourceTree = "<group>"; };
		94BBF5C92B0A476B00A2586D /* ObserverWrapper.swift */ = {isa = PBXFileReference; lastKnownFileType = sourcecode.swift; path = ObserverWrapper.swift; sourceTree = "<group>"; };
		94BBF5CB2B0A518300A2586D /* Date Formatter.swift */ = {isa = PBXFileReference; lastKnownFileType = sourcecode.swift; path = "Date Formatter.swift"; sourceTree = "<group>"; };
		94BBF5CD2B0F31E600A2586D /* UIPageViewController.swift */ = {isa = PBXFileReference; lastKnownFileType = sourcecode.swift; path = UIPageViewController.swift; sourceTree = "<group>"; };
		94BBF5CF2B0F31F800A2586D /* CustomPageViewController.swift */ = {isa = PBXFileReference; lastKnownFileType = sourcecode.swift; path = CustomPageViewController.swift; sourceTree = "<group>"; };
/* End PBXFileReference section */

/* Begin PBXFrameworksBuildPhase section */
		94B72B882A4C3630002973BC /* Frameworks */ = {
			isa = PBXFrameworksBuildPhase;
			buildActionMask = 2147483647;
			files = (
			);
			runOnlyForDeploymentPostprocessing = 0;
		};
/* End PBXFrameworksBuildPhase section */

/* Begin PBXGroup section */
		94B72B822A4C3630002973BC = {
			isa = PBXGroup;
			children = (
				94BBF5D12B0F320500A2586D /* UIPageViewFolder */,
				94B72B8D2A4C3630002973BC /* TrackerViewFolder */,
				94B72BC32A6438D9002973BC /* TrackerTypeViewController */,
				94B72BD52A644A20002973BC /* CategoryFolder */,
				94B72BD22A6447F3002973BC /* ScheduleFolder */,
				94B72BCB2A643D33002973BC /* NewEventFolder */,
				94B72BC62A64396B002973BC /* NewHabitFolder */,
				94B72BAE2A641DE3002973BC /* TabBar */,
				94B72BB42A64279E002973BC /* Models */,
				94B72BC02A6436F2002973BC /* StaticViewFolder */,
				94B72BE42A7FED9F002973BC /* CoreDataFolder */,
				94B72BB12A6425D0002973BC /* Helpers */,
				94B72B8E2A4C3630002973BC /* AppDelegate.swift */,
				94B72B902A4C3630002973BC /* SceneDelegate.swift */,
				94B72B972A4C3631002973BC /* Assets.xcassets */,
				94B72B992A4C3631002973BC /* LaunchScreen.storyboard */,
				94B72B9C2A4C3631002973BC /* Info.plist */,
				94B72B8C2A4C3630002973BC /* Products */,
			);
			sourceTree = "<group>";
		};
		94B72B8C2A4C3630002973BC /* Products */ = {
			isa = PBXGroup;
			children = (
				94B72B8B2A4C3630002973BC /* Tracker.app */,
			);
			name = Products;
			sourceTree = "<group>";
		};
		94B72B8D2A4C3630002973BC /* TrackerViewFolder */ = {
			isa = PBXGroup;
			children = (
				94B72B922A4C3630002973BC /* TrackerViewController.swift */,
				94B72BB92A642B21002973BC /* TrackerCardViewCell.swift */,
				94B72BBC2A642D77002973BC /* HeaderCollectionReusableView.swift */,
			);
			path = TrackerViewFolder;
			sourceTree = "<group>";
		};
		94B72BAE2A641DE3002973BC /* TabBar */ = {
			isa = PBXGroup;
			children = (
				94B72BA22A4C3E46002973BC /* TabBar.swift */,
			);
			name = TabBar;
			sourceTree = "<group>";
		};
		94B72BB12A6425D0002973BC /* Helpers */ = {
			isa = PBXGroup;
			children = (
				94B72BA42A4C3F2F002973BC /* UIColor + Extensions.swift */,
				94BBF5CB2B0A518300A2586D /* Date Formatter.swift */,
				94B72BAF2A6425CB002973BC /* MockData.swift */,
				94B72BDA2A644B45002973BC /* String + Extension.swift */,
				94BBF5C92B0A476B00A2586D /* ObserverWrapper.swift */,
			);
			path = Helpers;
			sourceTree = "<group>";
		};
		94B72BB42A64279E002973BC /* Models */ = {
			isa = PBXGroup;
			children = (
				94B72BBE2A642E37002973BC /* CellViewModel.swift */,
				94B72BB22A642790002973BC /* TrackerCategory.swift */,
				94B72BB52A6427F3002973BC /* Tracker.swift */,
				94B72BB72A6428A0002973BC /* TrackerRecord.swift */,
			);
			path = Models;
			sourceTree = "<group>";
		};
		94B72BC02A6436F2002973BC /* StaticViewFolder */ = {
			isa = PBXGroup;
			children = (
				94B72BA62A4C492F002973BC /* StatisticViewController.swift */,
			);
			path = StaticViewFolder;
			sourceTree = "<group>";
		};
		94B72BC32A6438D9002973BC /* TrackerTypeViewController */ = {
			isa = PBXGroup;
			children = (
				94B72BC12A64373E002973BC /* TrackerTypeViewController.swift */,
			);
			path = TrackerTypeViewController;
			sourceTree = "<group>";
		};
		94B72BC62A64396B002973BC /* NewHabitFolder */ = {
			isa = PBXGroup;
			children = (
				94B72BC42A643968002973BC /* NewHabitViewController.swift */,
				94B72BDE2A6C43C9002973BC /* EmojiHeader.swift */,
				94B72BC72A643C83002973BC /* NewHabitCell.swift */,
				94B72BDC2A6C33FD002973BC /* EmojiCell.swift */,
				94B72BE02A6C5C38002973BC /* ColorCell.swift */,
				94B72BE22A6C5D3D002973BC /* ColorHeader.swift */,
			);
			path = NewHabitFolder;
			sourceTree = "<group>";
		};
		94B72BCB2A643D33002973BC /* NewEventFolder */ = {
			isa = PBXGroup;
			children = (
				94B72BCC2A643E2C002973BC /* NewEventCell.swift */,
				94B72BC92A643D28002973BC /* NewEventViewController.swift */,
			);
			path = NewEventFolder;
			sourceTree = "<group>";
		};
		94B72BD22A6447F3002973BC /* ScheduleFolder */ = {
			isa = PBXGroup;
			children = (
				94B72BD02A6447C6002973BC /* SwitchCell.swift */,
				94B72BCE2A644658002973BC /* ScheduleViewController.swift */,
			);
			path = ScheduleFolder;
			sourceTree = "<group>";
		};
		94B72BD52A644A20002973BC /* CategoryFolder */ = {
			isa = PBXGroup;
			children = (
				94B72BD32A64489C002973BC /* CategoryViewController.swift */,
				94B72BD62A644A4D002973BC /* CategoryCell.swift */,
				94B72BD82A644AA0002973BC /* NewCategoryViewController.swift */,
				94BBF5C72B0A473800A2586D /* CategoryViewModel.swift */,
			);
			path = CategoryFolder;
			sourceTree = "<group>";
		};
		94B72BE42A7FED9F002973BC /* CoreDataFolder */ = {
			isa = PBXGroup;
			children = (
				94B72BE52A7FEDD4002973BC /* TrackerCoreData.xcdatamodeld */,
				94B72BE82A7FF263002973BC /* TrackerCoreDataController.swift */,
				94B72BEA2A7FF436002973BC /* TrackerPersistentContainer.swift */,
				94B72BEC2A7FF461002973BC /* TrackerCategoryStore.swift */,
				94B72BEE2A7FF5DE002973BC /* TrackerStore.swift */,
				94B72BF02A7FF696002973BC /* TrackerRecordStore.swift */,
			);
			path = CoreDataFolder;
			sourceTree = "<group>";
		};
		94BBF5D12B0F320500A2586D /* UIPageViewFolder */ = {
			isa = PBXGroup;
			children = (
				94BBF5CD2B0F31E600A2586D /* UIPageViewController.swift */,
				94BBF5CF2B0F31F800A2586D /* CustomPageViewController.swift */,
			);
			path = UIPageViewFolder;
			sourceTree = "<group>";
		};
/* End PBXGroup section */

/* Begin PBXNativeTarget section */
		94B72B8A2A4C3630002973BC /* Tracker */ = {
			isa = PBXNativeTarget;
			buildConfigurationList = 94B72B9F2A4C3631002973BC /* Build configuration list for PBXNativeTarget "Tracker" */;
			buildPhases = (
				94B72B872A4C3630002973BC /* Sources */,
				94B72B882A4C3630002973BC /* Frameworks */,
				94B72B892A4C3630002973BC /* Resources */,
			);
			buildRules = (
			);
			dependencies = (
			);
			name = Tracker;
			productName = Tracker;
			productReference = 94B72B8B2A4C3630002973BC /* Tracker.app */;
			productType = "com.apple.product-type.application";
		};
/* End PBXNativeTarget section */

/* Begin PBXProject section */
		94B72B832A4C3630002973BC /* Project object */ = {
			isa = PBXProject;
			attributes = {
				BuildIndependentTargetsInParallel = 1;
				LastSwiftUpdateCheck = 1430;
				LastUpgradeCheck = 1430;
				TargetAttributes = {
					94B72B8A2A4C3630002973BC = {
						CreatedOnToolsVersion = 14.3.1;
					};
				};
			};
			buildConfigurationList = 94B72B862A4C3630002973BC /* Build configuration list for PBXProject "Tracker" */;
			compatibilityVersion = "Xcode 14.0";
			developmentRegion = en;
			hasScannedForEncodings = 0;
			knownRegions = (
				en,
				Base,
			);
			mainGroup = 94B72B822A4C3630002973BC;
			productRefGroup = 94B72B8C2A4C3630002973BC /* Products */;
			projectDirPath = "";
			projectRoot = "";
			targets = (
				94B72B8A2A4C3630002973BC /* Tracker */,
			);
		};
/* End PBXProject section */

/* Begin PBXResourcesBuildPhase section */
		94B72B892A4C3630002973BC /* Resources */ = {
			isa = PBXResourcesBuildPhase;
			buildActionMask = 2147483647;
			files = (
				94B72B9B2A4C3631002973BC /* LaunchScreen.storyboard in Resources */,
				94B72B982A4C3631002973BC /* Assets.xcassets in Resources */,
			);
			runOnlyForDeploymentPostprocessing = 0;
		};
/* End PBXResourcesBuildPhase section */

/* Begin PBXSourcesBuildPhase section */
		94B72B872A4C3630002973BC /* Sources */ = {
			isa = PBXSourcesBuildPhase;
			buildActionMask = 2147483647;
			files = (
				94B72B932A4C3630002973BC /* TrackerViewController.swift in Sources */,
				94BBF5CA2B0A476B00A2586D /* ObserverWrapper.swift in Sources */,
				94BBF5D02B0F31F800A2586D /* CustomPageViewController.swift in Sources */,
				94B72B8F2A4C3630002973BC /* AppDelegate.swift in Sources */,
				94B72BDB2A644B45002973BC /* String + Extension.swift in Sources */,
				94B72BA52A4C3F2F002973BC /* UIColor + Extensions.swift in Sources */,
				94B72BE32A6C5D3D002973BC /* ColorHeader.swift in Sources */,
				94B72BF12A7FF696002973BC /* TrackerRecordStore.swift in Sources */,
				94B72BB02A6425CB002973BC /* MockData.swift in Sources */,
				94BBF5C82B0A473800A2586D /* CategoryViewModel.swift in Sources */,
				94B72BB32A642791002973BC /* TrackerCategory.swift in Sources */,
				94B72BC22A64373E002973BC /* TrackerTypeViewController.swift in Sources */,
				94B72BCA2A643D28002973BC /* NewEventViewController.swift in Sources */,
				94B72BBD2A642D77002973BC /* HeaderCollectionReusableView.swift in Sources */,
				94B72BEB2A7FF436002973BC /* TrackerPersistentContainer.swift in Sources */,
				94B72BBA2A642B21002973BC /* TrackerCardViewCell.swift in Sources */,
				94B72BED2A7FF461002973BC /* TrackerCategoryStore.swift in Sources */,
				94B72BD12A6447C6002973BC /* SwitchCell.swift in Sources */,
				94B72BB82A6428A0002973BC /* TrackerRecord.swift in Sources */,
				94B72BD92A644AA0002973BC /* NewCategoryViewController.swift in Sources */,
				94B72BA72A4C492F002973BC /* StatisticViewController.swift in Sources */,
				94BBF5CC2B0A518300A2586D /* Date Formatter.swift in Sources */,
				94B72BEF2A7FF5DE002973BC /* TrackerStore.swift in Sources */,
				94B72BCF2A644658002973BC /* ScheduleViewController.swift in Sources */,
				94BBF5CE2B0F31E600A2586D /* UIPageViewController.swift in Sources */,
				94B72BB62A6427F3002973BC /* Tracker.swift in Sources */,
				94B72BBF2A642E37002973BC /* CellViewModel.swift in Sources */,
				94B72BDF2A6C43CA002973BC /* EmojiHeader.swift in Sources */,
				94B72B912A4C3630002973BC /* SceneDelegate.swift in Sources */,
				94B72BD42A64489C002973BC /* CategoryViewController.swift in Sources */,
				94B72BE12A6C5C38002973BC /* ColorCell.swift in Sources */,
				94B72BA32A4C3E46002973BC /* TabBar.swift in Sources */,
				94B72BCD2A643E2C002973BC /* NewEventCell.swift in Sources */,
				94B72BC52A643968002973BC /* NewHabitViewController.swift in Sources */,
				94B72BDD2A6C33FD002973BC /* EmojiCell.swift in Sources */,
				94B72BC82A643C83002973BC /* NewHabitCell.swift in Sources */,
				94B72BE92A7FF263002973BC /* TrackerCoreDataController.swift in Sources */,
				94B72BE72A7FEDD4002973BC /* TrackerCoreData.xcdatamodeld in Sources */,
				94B72BD72A644A4D002973BC /* CategoryCell.swift in Sources */,
			);
			runOnlyForDeploymentPostprocessing = 0;
		};
/* End PBXSourcesBuildPhase section */

/* Begin PBXVariantGroup section */
		94B72B992A4C3631002973BC /* LaunchScreen.storyboard */ = {
			isa = PBXVariantGroup;
			children = (
				94B72B9A2A4C3631002973BC /* Base */,
			);
			name = LaunchScreen.storyboard;
			sourceTree = "<group>";
		};
/* End PBXVariantGroup section */

/* Begin XCBuildConfiguration section */
		94B72B9D2A4C3631002973BC /* Debug */ = {
			isa = XCBuildConfiguration;
			buildSettings = {
				ALWAYS_SEARCH_USER_PATHS = NO;
				CLANG_ANALYZER_NONNULL = YES;
				CLANG_ANALYZER_NUMBER_OBJECT_CONVERSION = YES_AGGRESSIVE;
				CLANG_CXX_LANGUAGE_STANDARD = "gnu++20";
				CLANG_ENABLE_MODULES = YES;
				CLANG_ENABLE_OBJC_ARC = YES;
				CLANG_ENABLE_OBJC_WEAK = YES;
				CLANG_WARN_BLOCK_CAPTURE_AUTORELEASING = YES;
				CLANG_WARN_BOOL_CONVERSION = YES;
				CLANG_WARN_COMMA = YES;
				CLANG_WARN_CONSTANT_CONVERSION = YES;
				CLANG_WARN_DEPRECATED_OBJC_IMPLEMENTATIONS = YES;
				CLANG_WARN_DIRECT_OBJC_ISA_USAGE = YES_ERROR;
				CLANG_WARN_DOCUMENTATION_COMMENTS = YES;
				CLANG_WARN_EMPTY_BODY = YES;
				CLANG_WARN_ENUM_CONVERSION = YES;
				CLANG_WARN_INFINITE_RECURSION = YES;
				CLANG_WARN_INT_CONVERSION = YES;
				CLANG_WARN_NON_LITERAL_NULL_CONVERSION = YES;
				CLANG_WARN_OBJC_IMPLICIT_RETAIN_SELF = YES;
				CLANG_WARN_OBJC_LITERAL_CONVERSION = YES;
				CLANG_WARN_OBJC_ROOT_CLASS = YES_ERROR;
				CLANG_WARN_QUOTED_INCLUDE_IN_FRAMEWORK_HEADER = YES;
				CLANG_WARN_RANGE_LOOP_ANALYSIS = YES;
				CLANG_WARN_STRICT_PROTOTYPES = YES;
				CLANG_WARN_SUSPICIOUS_MOVE = YES;
				CLANG_WARN_UNGUARDED_AVAILABILITY = YES_AGGRESSIVE;
				CLANG_WARN_UNREACHABLE_CODE = YES;
				CLANG_WARN__DUPLICATE_METHOD_MATCH = YES;
				COPY_PHASE_STRIP = NO;
				DEBUG_INFORMATION_FORMAT = dwarf;
				ENABLE_STRICT_OBJC_MSGSEND = YES;
				ENABLE_TESTABILITY = YES;
				GCC_C_LANGUAGE_STANDARD = gnu11;
				GCC_DYNAMIC_NO_PIC = NO;
				GCC_NO_COMMON_BLOCKS = YES;
				GCC_OPTIMIZATION_LEVEL = 0;
				GCC_PREPROCESSOR_DEFINITIONS = (
					"DEBUG=1",
					"$(inherited)",
				);
				GCC_WARN_64_TO_32_BIT_CONVERSION = YES;
				GCC_WARN_ABOUT_RETURN_TYPE = YES_ERROR;
				GCC_WARN_UNDECLARED_SELECTOR = YES;
				GCC_WARN_UNINITIALIZED_AUTOS = YES_AGGRESSIVE;
				GCC_WARN_UNUSED_FUNCTION = YES;
				GCC_WARN_UNUSED_VARIABLE = YES;
				IPHONEOS_DEPLOYMENT_TARGET = 16.4;
				MTL_ENABLE_DEBUG_INFO = INCLUDE_SOURCE;
				MTL_FAST_MATH = YES;
				ONLY_ACTIVE_ARCH = YES;
				SDKROOT = iphoneos;
				SWIFT_ACTIVE_COMPILATION_CONDITIONS = DEBUG;
				SWIFT_OPTIMIZATION_LEVEL = "-Onone";
			};
			name = Debug;
		};
		94B72B9E2A4C3631002973BC /* Release */ = {
			isa = XCBuildConfiguration;
			buildSettings = {
				ALWAYS_SEARCH_USER_PATHS = NO;
				CLANG_ANALYZER_NONNULL = YES;
				CLANG_ANALYZER_NUMBER_OBJECT_CONVERSION = YES_AGGRESSIVE;
				CLANG_CXX_LANGUAGE_STANDARD = "gnu++20";
				CLANG_ENABLE_MODULES = YES;
				CLANG_ENABLE_OBJC_ARC = YES;
				CLANG_ENABLE_OBJC_WEAK = YES;
				CLANG_WARN_BLOCK_CAPTURE_AUTORELEASING = YES;
				CLANG_WARN_BOOL_CONVERSION = YES;
				CLANG_WARN_COMMA = YES;
				CLANG_WARN_CONSTANT_CONVERSION = YES;
				CLANG_WARN_DEPRECATED_OBJC_IMPLEMENTATIONS = YES;
				CLANG_WARN_DIRECT_OBJC_ISA_USAGE = YES_ERROR;
				CLANG_WARN_DOCUMENTATION_COMMENTS = YES;
				CLANG_WARN_EMPTY_BODY = YES;
				CLANG_WARN_ENUM_CONVERSION = YES;
				CLANG_WARN_INFINITE_RECURSION = YES;
				CLANG_WARN_INT_CONVERSION = YES;
				CLANG_WARN_NON_LITERAL_NULL_CONVERSION = YES;
				CLANG_WARN_OBJC_IMPLICIT_RETAIN_SELF = YES;
				CLANG_WARN_OBJC_LITERAL_CONVERSION = YES;
				CLANG_WARN_OBJC_ROOT_CLASS = YES_ERROR;
				CLANG_WARN_QUOTED_INCLUDE_IN_FRAMEWORK_HEADER = YES;
				CLANG_WARN_RANGE_LOOP_ANALYSIS = YES;
				CLANG_WARN_STRICT_PROTOTYPES = YES;
				CLANG_WARN_SUSPICIOUS_MOVE = YES;
				CLANG_WARN_UNGUARDED_AVAILABILITY = YES_AGGRESSIVE;
				CLANG_WARN_UNREACHABLE_CODE = YES;
				CLANG_WARN__DUPLICATE_METHOD_MATCH = YES;
				COPY_PHASE_STRIP = NO;
				DEBUG_INFORMATION_FORMAT = "dwarf-with-dsym";
				ENABLE_NS_ASSERTIONS = NO;
				ENABLE_STRICT_OBJC_MSGSEND = YES;
				GCC_C_LANGUAGE_STANDARD = gnu11;
				GCC_NO_COMMON_BLOCKS = YES;
				GCC_WARN_64_TO_32_BIT_CONVERSION = YES;
				GCC_WARN_ABOUT_RETURN_TYPE = YES_ERROR;
				GCC_WARN_UNDECLARED_SELECTOR = YES;
				GCC_WARN_UNINITIALIZED_AUTOS = YES_AGGRESSIVE;
				GCC_WARN_UNUSED_FUNCTION = YES;
				GCC_WARN_UNUSED_VARIABLE = YES;
				IPHONEOS_DEPLOYMENT_TARGET = 16.4;
				MTL_ENABLE_DEBUG_INFO = NO;
				MTL_FAST_MATH = YES;
				SDKROOT = iphoneos;
				SWIFT_COMPILATION_MODE = wholemodule;
				SWIFT_OPTIMIZATION_LEVEL = "-O";
				VALIDATE_PRODUCT = YES;
			};
			name = Release;
		};
		94B72BA02A4C3631002973BC /* Debug */ = {
			isa = XCBuildConfiguration;
			buildSettings = {
				ASSETCATALOG_COMPILER_APPICON_NAME = AppIcon;
				ASSETCATALOG_COMPILER_GLOBAL_ACCENT_COLOR_NAME = AccentColor;
				CODE_SIGN_STYLE = Automatic;
				CURRENT_PROJECT_VERSION = 1;
				DEVELOPMENT_TEAM = PCQP34N6GP;
				GENERATE_INFOPLIST_FILE = YES;
				INFOPLIST_FILE = Info.plist;
				INFOPLIST_KEY_UIApplicationSupportsIndirectInputEvents = YES;
				INFOPLIST_KEY_UILaunchStoryboardName = LaunchScreen;
				INFOPLIST_KEY_UISupportedInterfaceOrientations = UIInterfaceOrientationPortrait;
				INFOPLIST_KEY_UISupportedInterfaceOrientations_iPad = "UIInterfaceOrientationLandscapeLeft UIInterfaceOrientationLandscapeRight UIInterfaceOrientationPortrait UIInterfaceOrientationPortraitUpsideDown";
				IPHONEOS_DEPLOYMENT_TARGET = 13.4;
				LD_RUNPATH_SEARCH_PATHS = (
					"$(inherited)",
					"@executable_path/Frameworks",
				);
				MARKETING_VERSION = 1.0;
				PRODUCT_BUNDLE_IDENTIFIER = ru.MaximKakoulin.yandex.practicum.Tracker;
				PRODUCT_NAME = "$(TARGET_NAME)";
				SUPPORTED_PLATFORMS = "iphoneos iphonesimulator";
				SUPPORTS_MACCATALYST = NO;
				SUPPORTS_MAC_DESIGNED_FOR_IPHONE_IPAD = YES;
				SWIFT_EMIT_LOC_STRINGS = YES;
				SWIFT_VERSION = 5.0;
				TARGETED_DEVICE_FAMILY = 1;
			};
			name = Debug;
		};
		94B72BA12A4C3631002973BC /* Release */ = {
			isa = XCBuildConfiguration;
			buildSettings = {
				ASSETCATALOG_COMPILER_APPICON_NAME = AppIcon;
				ASSETCATALOG_COMPILER_GLOBAL_ACCENT_COLOR_NAME = AccentColor;
				CODE_SIGN_STYLE = Automatic;
				CURRENT_PROJECT_VERSION = 1;
				DEVELOPMENT_TEAM = PCQP34N6GP;
				GENERATE_INFOPLIST_FILE = YES;
				INFOPLIST_FILE = Info.plist;
				INFOPLIST_KEY_UIApplicationSupportsIndirectInputEvents = YES;
				INFOPLIST_KEY_UILaunchStoryboardName = LaunchScreen;
				INFOPLIST_KEY_UISupportedInterfaceOrientations = UIInterfaceOrientationPortrait;
				INFOPLIST_KEY_UISupportedInterfaceOrientations_iPad = "UIInterfaceOrientationLandscapeLeft UIInterfaceOrientationLandscapeRight UIInterfaceOrientationPortrait UIInterfaceOrientationPortraitUpsideDown";
				IPHONEOS_DEPLOYMENT_TARGET = 13.4;
				LD_RUNPATH_SEARCH_PATHS = (
					"$(inherited)",
					"@executable_path/Frameworks",
				);
				MARKETING_VERSION = 1.0;
				PRODUCT_BUNDLE_IDENTIFIER = ru.MaximKakoulin.yandex.practicum.Tracker;
				PRODUCT_NAME = "$(TARGET_NAME)";
				SUPPORTED_PLATFORMS = "iphoneos iphonesimulator";
				SUPPORTS_MACCATALYST = NO;
				SUPPORTS_MAC_DESIGNED_FOR_IPHONE_IPAD = YES;
				SWIFT_EMIT_LOC_STRINGS = YES;
				SWIFT_VERSION = 5.0;
				TARGETED_DEVICE_FAMILY = 1;
			};
			name = Release;
		};
/* End XCBuildConfiguration section */

/* Begin XCConfigurationList section */
		94B72B862A4C3630002973BC /* Build configuration list for PBXProject "Tracker" */ = {
			isa = XCConfigurationList;
			buildConfigurations = (
				94B72B9D2A4C3631002973BC /* Debug */,
				94B72B9E2A4C3631002973BC /* Release */,
			);
			defaultConfigurationIsVisible = 0;
			defaultConfigurationName = Release;
		};
		94B72B9F2A4C3631002973BC /* Build configuration list for PBXNativeTarget "Tracker" */ = {
			isa = XCConfigurationList;
			buildConfigurations = (
				94B72BA02A4C3631002973BC /* Debug */,
				94B72BA12A4C3631002973BC /* Release */,
			);
			defaultConfigurationIsVisible = 0;
			defaultConfigurationName = Release;
		};
/* End XCConfigurationList section */

/* Begin XCVersionGroup section */
		94B72BE52A7FEDD4002973BC /* TrackerCoreData.xcdatamodeld */ = {
			isa = XCVersionGroup;
			children = (
				94B72BE62A7FEDD4002973BC /* TrackerCoreData.xcdatamodel */,
			);
			currentVersion = 94B72BE62A7FEDD4002973BC /* TrackerCoreData.xcdatamodel */;
			path = TrackerCoreData.xcdatamodeld;
			sourceTree = "<group>";
			versionGroupType = wrapper.xcdatamodel;
		};
/* End XCVersionGroup section */
	};
	rootObject = 94B72B832A4C3630002973BC /* Project object */;
}
